<?xml version="1.0" encoding="utf-8"?>
<Project ToolsVersion="4.0" xmlns="http://schemas.microsoft.com/developer/msbuild/2003">
  <ItemGroup>
    <Filter Include="src">
      <UniqueIdentifier>{4FC737F1-C7A5-4376-A066-2A32D752A2FF}</UniqueIdentifier>
      <Extensions>cpp;c;cc;cxx;def;odl;idl;hpj;bat;asm;asmx</Extensions>
    </Filter>
    <Filter Include="src\sdk">
      <UniqueIdentifier>{5f392fa9-1698-4200-a62c-2ab8633b0371}</UniqueIdentifier>
    </Filter>
    <Filter Include="src\cheat">
      <UniqueIdentifier>{03a8b386-acf1-4ca9-82c5-2098da2d41c6}</UniqueIdentifier>
    </Filter>
    <Filter Include="src\cheat_main">
      <UniqueIdentifier>{67caad19-5894-490a-9d69-dbb22224f72b}</UniqueIdentifier>
    </Filter>
    <Filter Include="driver">
      <UniqueIdentifier>{04010eb5-8098-4cd5-b401-b08e5fc6c9a2}</UniqueIdentifier>
    </Filter>
  </ItemGroup>
  <ItemGroup>
    <ClInclude Include="sdk\game_sdk.h">
      <Filter>src\sdk</Filter>
    </ClInclude>
    <ClInclude Include="sdk_new\math.h">
      <Filter>src\sdk</Filter>
    </ClInclude>
    <ClInclude Include="vars\vars.h">
      <Filter>src\cheat</Filter>
    </ClInclude>
    <ClInclude Include="cheat_funcs\AimFuncs.h">
      <Filter>src\cheat_main</Filter>
    </ClInclude>
    <ClInclude Include="cheat_funcs\MiscFuncs.h">
      <Filter>src\cheat_main</Filter>
    </ClInclude>
    <ClInclude Include="driver.h">
      <Filter>driver</Filter>
    </ClInclude>
    <ClInclude Include="lock.h">
      <Filter>driver</Filter>
    </ClInclude>
    <ClInclude Include="server_shared.h">
      <Filter>driver</Filter>
    </ClInclude>
    <ClInclude Include="Offsets.h">
      <Filter>src\cheat_main</Filter>
    </ClInclude>
  </ItemGroup>
  <ItemGroup>
    <ClCompile Include="mainn.cpp">
      <Filter>src\cheat</Filter>
    </ClCompile>
    <ClCompile Include="driver.cpp">
      <Filter>driver</Filter>
    </ClCompile>
  </ItemGroup>
</Project>